
Microsoft Visual Studio Solution File, Format Version 12.00
# Visual Studio Version 17
VisualStudioVersion = 17.5.33424.131
MinimumVisualStudioVersion = 10.0.40219.1
Project("{FAE04EC0-301F-11D3-BF4B-00C04F79EFBC}") = "UtilizaciónComponentes", "UtilizaciónComponentes\UtilizaciónComponentes.csproj", "{AC91F429-EA8F-42EF-9AF6-0D997E5C6B67}"
EndProject
Global
	GlobalSection(SolutionConfigurationPlatforms) = preSolution
		Debug|Any CPU = Debug|Any CPU
		Release|Any CPU = Release|Any CPU
	EndGlobalSection
	GlobalSection(ProjectConfigurationPlatforms) = postSolution
		{AC91F429-EA8F-42EF-9AF6-0D997E5C6B67}.Debug|Any CPU.ActiveCfg = Debug|Any CPU
		{AC91F429-EA8F-42EF-9AF6-0D997E5C6B67}.Debug|Any CPU.Build.0 = Debug|Any CPU
		{AC91F429-EA8F-42EF-9AF6-0D997E5C6B67}.Release|Any CPU.ActiveCfg = Release|Any CPU
		{AC91F429-EA8F-42EF-9AF6-0D997E5C6B67}.Release|Any CPU.Build.0 = Release|Any CPU
	EndGlobalSection
	GlobalSection(SolutionProperties) = preSolution
		HideSolutionNode = FALSE
	EndGlobalSection
	GlobalSection(ExtensibilityGlobals) = postSolution
		SolutionGuid = {D01E891F-1973-430B-81F1-1CD41F8F23A4}
	EndGlobalSection
EndGlobal
